// !$*UTF8*$!
{
	archiveVersion = 1;
	classes = {
	};
	objectVersion = 50;
	objects = {

/* Begin PBXBuildFile section */
		0E395E4325DCE52900019BAC /* WidgetKitExampleApp.swift in Sources */ = {isa = PBXBuildFile; fileRef = 0E395E4225DCE52900019BAC /* WidgetKitExampleApp.swift */; };
		0E395E4525DCE52900019BAC /* ContentView.swift in Sources */ = {isa = PBXBuildFile; fileRef = 0E395E4425DCE52900019BAC /* ContentView.swift */; };
		0E395E4725DCE52A00019BAC /* Assets.xcassets in Resources */ = {isa = PBXBuildFile; fileRef = 0E395E4625DCE52A00019BAC /* Assets.xcassets */; };
		0E395E4A25DCE52A00019BAC /* Preview Assets.xcassets in Resources */ = {isa = PBXBuildFile; fileRef = 0E395E4925DCE52A00019BAC /* Preview Assets.xcassets */; };
		0E395E5525DCE52B00019BAC /* WidgetKitExampleTests.swift in Sources */ = {isa = PBXBuildFile; fileRef = 0E395E5425DCE52B00019BAC /* WidgetKitExampleTests.swift */; };
		0E395E6025DCE52B00019BAC /* WidgetKitExampleUITests.swift in Sources */ = {isa = PBXBuildFile; fileRef = 0E395E5F25DCE52B00019BAC /* WidgetKitExampleUITests.swift */; };
		0EB0164725E7847900C586E2 /* WidgetKit.framework in Frameworks */ = {isa = PBXBuildFile; fileRef = 0EB0164625E7847900C586E2 /* WidgetKit.framework */; };
		0EB0164925E7847900C586E2 /* SwiftUI.framework in Frameworks */ = {isa = PBXBuildFile; fileRef = 0EB0164825E7847900C586E2 /* SwiftUI.framework */; };
		0EB0164C25E7847900C586E2 /* WeatherWidget.swift in Sources */ = {isa = PBXBuildFile; fileRef = 0EB0164B25E7847900C586E2 /* WeatherWidget.swift */; };
		0EB0164E25E7847A00C586E2 /* Assets.xcassets in Resources */ = {isa = PBXBuildFile; fileRef = 0EB0164D25E7847A00C586E2 /* Assets.xcassets */; };
		0EB0165225E7847A00C586E2 /* WeatherWidgetExtension.appex in Embed App Extensions */ = {isa = PBXBuildFile; fileRef = 0EB0164425E7847900C586E2 /* WeatherWidgetExtension.appex */; settings = {ATTRIBUTES = (RemoveHeadersOnCopy, ); }; };
		0EB0166025E7848800C586E2 /* WidgetKit.framework in Frameworks */ = {isa = PBXBuildFile; fileRef = 0EB0164625E7847900C586E2 /* WidgetKit.framework */; };
		0EB0166125E7848800C586E2 /* SwiftUI.framework in Frameworks */ = {isa = PBXBuildFile; fileRef = 0EB0164825E7847900C586E2 /* SwiftUI.framework */; };
		0EB0166425E7848800C586E2 /* EditableWidget.swift in Sources */ = {isa = PBXBuildFile; fileRef = 0EB0166325E7848800C586E2 /* EditableWidget.swift */; };
		0EB0166725E7848800C586E2 /* Assets.xcassets in Resources */ = {isa = PBXBuildFile; fileRef = 0EB0166625E7848800C586E2 /* Assets.xcassets */; };
		0EB0166925E7848800C586E2 /* EditableWidget.intentdefinition in Sources */ = {isa = PBXBuildFile; fileRef = 0EB0166525E7848800C586E2 /* EditableWidget.intentdefinition */; };
		0EB0166A25E7848800C586E2 /* EditableWidget.intentdefinition in Sources */ = {isa = PBXBuildFile; fileRef = 0EB0166525E7848800C586E2 /* EditableWidget.intentdefinition */; };
		0EB0166D25E7848800C586E2 /* EditableWidgetExtension.appex in Embed App Extensions */ = {isa = PBXBuildFile; fileRef = 0EB0165F25E7848800C586E2 /* EditableWidgetExtension.appex */; settings = {ATTRIBUTES = (RemoveHeadersOnCopy, ); }; };
		0EB0167725E784A100C586E2 /* AirWidget.swift in Sources */ = {isa = PBXBuildFile; fileRef = 0EB0167625E784A100C586E2 /* AirWidget.swift */; };
		0EB0167F25E78A5700C586E2 /* WeatherLocalData.swift in Sources */ = {isa = PBXBuildFile; fileRef = 0EB0167E25E78A5700C586E2 /* WeatherLocalData.swift */; };
/* End PBXBuildFile section */

/* Begin PBXContainerItemProxy section */
		0E395E5125DCE52B00019BAC /* PBXContainerItemProxy */ = {
			isa = PBXContainerItemProxy;
			containerPortal = 0E395E3725DCE52900019BAC /* Project object */;
			proxyType = 1;
			remoteGlobalIDString = 0E395E3E25DCE52900019BAC;
			remoteInfo = WidgetKitExample;
		};
		0E395E5C25DCE52B00019BAC /* PBXContainerItemProxy */ = {
			isa = PBXContainerItemProxy;
			containerPortal = 0E395E3725DCE52900019BAC /* Project object */;
			proxyType = 1;
			remoteGlobalIDString = 0E395E3E25DCE52900019BAC;
			remoteInfo = WidgetKitExample;
		};
		0EB0165025E7847A00C586E2 /* PBXContainerItemProxy */ = {
			isa = PBXContainerItemProxy;
			containerPortal = 0E395E3725DCE52900019BAC /* Project object */;
			proxyType = 1;
			remoteGlobalIDString = 0EB0164325E7847900C586E2;
			remoteInfo = WeatherWidgetExtension;
		};
		0EB0166B25E7848800C586E2 /* PBXContainerItemProxy */ = {
			isa = PBXContainerItemProxy;
			containerPortal = 0E395E3725DCE52900019BAC /* Project object */;
			proxyType = 1;
			remoteGlobalIDString = 0EB0165E25E7848800C586E2;
			remoteInfo = EditableWidgetExtension;
		};
/* End PBXContainerItemProxy section */

/* Begin PBXCopyFilesBuildPhase section */
		0EB0165325E7847A00C586E2 /* Embed App Extensions */ = {
			isa = PBXCopyFilesBuildPhase;
			buildActionMask = 2147483647;
			dstPath = "";
			dstSubfolderSpec = 13;
			files = (
				0EB0166D25E7848800C586E2 /* EditableWidgetExtension.appex in Embed App Extensions */,
				0EB0165225E7847A00C586E2 /* WeatherWidgetExtension.appex in Embed App Extensions */,
			);
			name = "Embed App Extensions";
			runOnlyForDeploymentPostprocessing = 0;
		};
/* End PBXCopyFilesBuildPhase section */

/* Begin PBXFileReference section */
		0E395E3F25DCE52900019BAC /* WidgetKitExample.app */ = {isa = PBXFileReference; explicitFileType = wrapper.application; includeInIndex = 0; path = WidgetKitExample.app; sourceTree = BUILT_PRODUCTS_DIR; };
		0E395E4225DCE52900019BAC /* WidgetKitExampleApp.swift */ = {isa = PBXFileReference; lastKnownFileType = sourcecode.swift; path = WidgetKitExampleApp.swift; sourceTree = "<group>"; };
		0E395E4425DCE52900019BAC /* ContentView.swift */ = {isa = PBXFileReference; lastKnownFileType = sourcecode.swift; path = ContentView.swift; sourceTree = "<group>"; };
		0E395E4625DCE52A00019BAC /* Assets.xcassets */ = {isa = PBXFileReference; lastKnownFileType = folder.assetcatalog; path = Assets.xcassets; sourceTree = "<group>"; };
		0E395E4925DCE52A00019BAC /* Preview Assets.xcassets */ = {isa = PBXFileReference; lastKnownFileType = folder.assetcatalog; path = "Preview Assets.xcassets"; sourceTree = "<group>"; };
		0E395E4B25DCE52A00019BAC /* Info.plist */ = {isa = PBXFileReference; lastKnownFileType = text.plist.xml; path = Info.plist; sourceTree = "<group>"; };
		0E395E5025DCE52B00019BAC /* WidgetKitExampleTests.xctest */ = {isa = PBXFileReference; explicitFileType = wrapper.cfbundle; includeInIndex = 0; path = WidgetKitExampleTests.xctest; sourceTree = BUILT_PRODUCTS_DIR; };
		0E395E5425DCE52B00019BAC /* WidgetKitExampleTests.swift */ = {isa = PBXFileReference; lastKnownFileType = sourcecode.swift; path = WidgetKitExampleTests.swift; sourceTree = "<group>"; };
		0E395E5625DCE52B00019BAC /* Info.plist */ = {isa = PBXFileReference; lastKnownFileType = text.plist.xml; path = Info.plist; sourceTree = "<group>"; };
		0E395E5B25DCE52B00019BAC /* WidgetKitExampleUITests.xctest */ = {isa = PBXFileReference; explicitFileType = wrapper.cfbundle; includeInIndex = 0; path = WidgetKitExampleUITests.xctest; sourceTree = BUILT_PRODUCTS_DIR; };
		0E395E5F25DCE52B00019BAC /* WidgetKitExampleUITests.swift */ = {isa = PBXFileReference; lastKnownFileType = sourcecode.swift; path = WidgetKitExampleUITests.swift; sourceTree = "<group>"; };
		0E395E6125DCE52B00019BAC /* Info.plist */ = {isa = PBXFileReference; lastKnownFileType = text.plist.xml; path = Info.plist; sourceTree = "<group>"; };
		0EB0164425E7847900C586E2 /* WeatherWidgetExtension.appex */ = {isa = PBXFileReference; explicitFileType = "wrapper.app-extension"; includeInIndex = 0; path = WeatherWidgetExtension.appex; sourceTree = BUILT_PRODUCTS_DIR; };
		0EB0164625E7847900C586E2 /* WidgetKit.framework */ = {isa = PBXFileReference; lastKnownFileType = wrapper.framework; name = WidgetKit.framework; path = System/Library/Frameworks/WidgetKit.framework; sourceTree = SDKROOT; };
		0EB0164825E7847900C586E2 /* SwiftUI.framework */ = {isa = PBXFileReference; lastKnownFileType = wrapper.framework; name = SwiftUI.framework; path = System/Library/Frameworks/SwiftUI.framework; sourceTree = SDKROOT; };
		0EB0164B25E7847900C586E2 /* WeatherWidget.swift */ = {isa = PBXFileReference; lastKnownFileType = sourcecode.swift; path = WeatherWidget.swift; sourceTree = "<group>"; };
		0EB0164D25E7847A00C586E2 /* Assets.xcassets */ = {isa = PBXFileReference; lastKnownFileType = folder.assetcatalog; path = Assets.xcassets; sourceTree = "<group>"; };
		0EB0164F25E7847A00C586E2 /* Info.plist */ = {isa = PBXFileReference; lastKnownFileType = text.plist.xml; path = Info.plist; sourceTree = "<group>"; };
		0EB0165F25E7848800C586E2 /* EditableWidgetExtension.appex */ = {isa = PBXFileReference; explicitFileType = "wrapper.app-extension"; includeInIndex = 0; path = EditableWidgetExtension.appex; sourceTree = BUILT_PRODUCTS_DIR; };
		0EB0166325E7848800C586E2 /* EditableWidget.swift */ = {isa = PBXFileReference; lastKnownFileType = sourcecode.swift; path = EditableWidget.swift; sourceTree = "<group>"; };
		0EB0166525E7848800C586E2 /* EditableWidget.intentdefinition */ = {isa = PBXFileReference; lastKnownFileType = file.intentdefinition; path = EditableWidget.intentdefinition; sourceTree = "<group>"; };
		0EB0166625E7848800C586E2 /* Assets.xcassets */ = {isa = PBXFileReference; lastKnownFileType = folder.assetcatalog; path = Assets.xcassets; sourceTree = "<group>"; };
		0EB0166825E7848800C586E2 /* Info.plist */ = {isa = PBXFileReference; lastKnownFileType = text.plist.xml; path = Info.plist; sourceTree = "<group>"; };
		0EB0167625E784A100C586E2 /* AirWidget.swift */ = {isa = PBXFileReference; lastKnownFileType = sourcecode.swift; path = AirWidget.swift; sourceTree = "<group>"; };
		0EB0167E25E78A5700C586E2 /* WeatherLocalData.swift */ = {isa = PBXFileReference; fileEncoding = 4; lastKnownFileType = sourcecode.swift; path = WeatherLocalData.swift; sourceTree = "<group>"; };
/* End PBXFileReference section */

/* Begin PBXFrameworksBuildPhase section */
		0E395E3C25DCE52900019BAC /* Frameworks */ = {
			isa = PBXFrameworksBuildPhase;
			buildActionMask = 2147483647;
			files = (
			);
			runOnlyForDeploymentPostprocessing = 0;
		};
		0E395E4D25DCE52B00019BAC /* Frameworks */ = {
			isa = PBXFrameworksBuildPhase;
			buildActionMask = 2147483647;
			files = (
			);
			runOnlyForDeploymentPostprocessing = 0;
		};
		0E395E5825DCE52B00019BAC /* Frameworks */ = {
			isa = PBXFrameworksBuildPhase;
			buildActionMask = 2147483647;
			files = (
			);
			runOnlyForDeploymentPostprocessing = 0;
		};
		0EB0164125E7847900C586E2 /* Frameworks */ = {
			isa = PBXFrameworksBuildPhase;
			buildActionMask = 2147483647;
			files = (
				0EB0164925E7847900C586E2 /* SwiftUI.framework in Frameworks */,
				0EB0164725E7847900C586E2 /* WidgetKit.framework in Frameworks */,
			);
			runOnlyForDeploymentPostprocessing = 0;
		};
		0EB0165C25E7848800C586E2 /* Frameworks */ = {
			isa = PBXFrameworksBuildPhase;
			buildActionMask = 2147483647;
			files = (
				0EB0166125E7848800C586E2 /* SwiftUI.framework in Frameworks */,
				0EB0166025E7848800C586E2 /* WidgetKit.framework in Frameworks */,
			);
			runOnlyForDeploymentPostprocessing = 0;
		};
/* End PBXFrameworksBuildPhase section */

/* Begin PBXGroup section */
		0E395E3625DCE52900019BAC = {
			isa = PBXGroup;
			children = (
				0E395E4125DCE52900019BAC /* WidgetKitExample */,
				0E395E5325DCE52B00019BAC /* WidgetKitExampleTests */,
				0E395E5E25DCE52B00019BAC /* WidgetKitExampleUITests */,
				0EB0164A25E7847900C586E2 /* WeatherWidget */,
				0EB0166225E7848800C586E2 /* EditableWidget */,
				0EB0164525E7847900C586E2 /* Frameworks */,
				0E395E4025DCE52900019BAC /* Products */,
			);
			sourceTree = "<group>";
		};
		0E395E4025DCE52900019BAC /* Products */ = {
			isa = PBXGroup;
			children = (
				0E395E3F25DCE52900019BAC /* WidgetKitExample.app */,
				0E395E5025DCE52B00019BAC /* WidgetKitExampleTests.xctest */,
				0E395E5B25DCE52B00019BAC /* WidgetKitExampleUITests.xctest */,
				0EB0164425E7847900C586E2 /* WeatherWidgetExtension.appex */,
				0EB0165F25E7848800C586E2 /* EditableWidgetExtension.appex */,
			);
			name = Products;
			sourceTree = "<group>";
		};
		0E395E4125DCE52900019BAC /* WidgetKitExample */ = {
			isa = PBXGroup;
			children = (
				0E395E4225DCE52900019BAC /* WidgetKitExampleApp.swift */,
				0E395E4425DCE52900019BAC /* ContentView.swift */,
				0E395E4625DCE52A00019BAC /* Assets.xcassets */,
				0E395E4B25DCE52A00019BAC /* Info.plist */,
				0E395E4825DCE52A00019BAC /* Preview Content */,
			);
			path = WidgetKitExample;
			sourceTree = "<group>";
		};
		0E395E4825DCE52A00019BAC /* Preview Content */ = {
			isa = PBXGroup;
			children = (
				0E395E4925DCE52A00019BAC /* Preview Assets.xcassets */,
			);
			path = "Preview Content";
			sourceTree = "<group>";
		};
		0E395E5325DCE52B00019BAC /* WidgetKitExampleTests */ = {
			isa = PBXGroup;
			children = (
				0E395E5425DCE52B00019BAC /* WidgetKitExampleTests.swift */,
				0E395E5625DCE52B00019BAC /* Info.plist */,
			);
			path = WidgetKitExampleTests;
			sourceTree = "<group>";
		};
		0E395E5E25DCE52B00019BAC /* WidgetKitExampleUITests */ = {
			isa = PBXGroup;
			children = (
				0E395E5F25DCE52B00019BAC /* WidgetKitExampleUITests.swift */,
				0E395E6125DCE52B00019BAC /* Info.plist */,
			);
			path = WidgetKitExampleUITests;
			sourceTree = "<group>";
		};
		0EB0164525E7847900C586E2 /* Frameworks */ = {
			isa = PBXGroup;
			children = (
				0EB0164625E7847900C586E2 /* WidgetKit.framework */,
				0EB0164825E7847900C586E2 /* SwiftUI.framework */,
			);
			name = Frameworks;
			sourceTree = "<group>";
		};
		0EB0164A25E7847900C586E2 /* WeatherWidget */ = {
			isa = PBXGroup;
			children = (
				0EB0167D25E78A4900C586E2 /* WeatherData */,
				0EB0164B25E7847900C586E2 /* WeatherWidget.swift */,
				0EB0167625E784A100C586E2 /* AirWidget.swift */,
				0EB0164D25E7847A00C586E2 /* Assets.xcassets */,
				0EB0164F25E7847A00C586E2 /* Info.plist */,
			);
			path = WeatherWidget;
			sourceTree = "<group>";
		};
		0EB0166225E7848800C586E2 /* EditableWidget */ = {
			isa = PBXGroup;
			children = (
				0EB0166325E7848800C586E2 /* EditableWidget.swift */,
				0EB0166525E7848800C586E2 /* EditableWidget.intentdefinition */,
				0EB0166625E7848800C586E2 /* Assets.xcassets */,
				0EB0166825E7848800C586E2 /* Info.plist */,
			);
			path = EditableWidget;
			sourceTree = "<group>";
		};
		0EB0167D25E78A4900C586E2 /* WeatherData */ = {
			isa = PBXGroup;
			children = (
				0EB0167E25E78A5700C586E2 /* WeatherLocalData.swift */,
			);
			path = WeatherData;
			sourceTree = "<group>";
		};
/* End PBXGroup section */

/* Begin PBXNativeTarget section */
		0E395E3E25DCE52900019BAC /* WidgetKitExample */ = {
			isa = PBXNativeTarget;
			buildConfigurationList = 0E395E6425DCE52B00019BAC /* Build configuration list for PBXNativeTarget "WidgetKitExample" */;
			buildPhases = (
				0E395E3B25DCE52900019BAC /* Sources */,
				0E395E3C25DCE52900019BAC /* Frameworks */,
				0E395E3D25DCE52900019BAC /* Resources */,
				0EB0165325E7847A00C586E2 /* Embed App Extensions */,
			);
			buildRules = (
			);
			dependencies = (
				0EB0165125E7847A00C586E2 /* PBXTargetDependency */,
				0EB0166C25E7848800C586E2 /* PBXTargetDependency */,
			);
			name = WidgetKitExample;
			productName = WidgetKitExample;
			productReference = 0E395E3F25DCE52900019BAC /* WidgetKitExample.app */;
			productType = "com.apple.product-type.application";
		};
		0E395E4F25DCE52B00019BAC /* WidgetKitExampleTests */ = {
			isa = PBXNativeTarget;
			buildConfigurationList = 0E395E6725DCE52B00019BAC /* Build configuration list for PBXNativeTarget "WidgetKitExampleTests" */;
			buildPhases = (
				0E395E4C25DCE52B00019BAC /* Sources */,
				0E395E4D25DCE52B00019BAC /* Frameworks */,
				0E395E4E25DCE52B00019BAC /* Resources */,
			);
			buildRules = (
			);
			dependencies = (
				0E395E5225DCE52B00019BAC /* PBXTargetDependency */,
			);
			name = WidgetKitExampleTests;
			productName = WidgetKitExampleTests;
			productReference = 0E395E5025DCE52B00019BAC /* WidgetKitExampleTests.xctest */;
			productType = "com.apple.product-type.bundle.unit-test";
		};
		0E395E5A25DCE52B00019BAC /* WidgetKitExampleUITests */ = {
			isa = PBXNativeTarget;
			buildConfigurationList = 0E395E6A25DCE52B00019BAC /* Build configuration list for PBXNativeTarget "WidgetKitExampleUITests" */;
			buildPhases = (
				0E395E5725DCE52B00019BAC /* Sources */,
				0E395E5825DCE52B00019BAC /* Frameworks */,
				0E395E5925DCE52B00019BAC /* Resources */,
			);
			buildRules = (
			);
			dependencies = (
				0E395E5D25DCE52B00019BAC /* PBXTargetDependency */,
			);
			name = WidgetKitExampleUITests;
			productName = WidgetKitExampleUITests;
			productReference = 0E395E5B25DCE52B00019BAC /* WidgetKitExampleUITests.xctest */;
			productType = "com.apple.product-type.bundle.ui-testing";
		};
		0EB0164325E7847900C586E2 /* WeatherWidgetExtension */ = {
			isa = PBXNativeTarget;
			buildConfigurationList = 0EB0165625E7847A00C586E2 /* Build configuration list for PBXNativeTarget "WeatherWidgetExtension" */;
			buildPhases = (
				0EB0164025E7847900C586E2 /* Sources */,
				0EB0164125E7847900C586E2 /* Frameworks */,
				0EB0164225E7847900C586E2 /* Resources */,
			);
			buildRules = (
			);
			dependencies = (
			);
			name = WeatherWidgetExtension;
			productName = WeatherWidgetExtension;
			productReference = 0EB0164425E7847900C586E2 /* WeatherWidgetExtension.appex */;
			productType = "com.apple.product-type.app-extension";
		};
		0EB0165E25E7848800C586E2 /* EditableWidgetExtension */ = {
			isa = PBXNativeTarget;
			buildConfigurationList = 0EB0166E25E7848800C586E2 /* Build configuration list for PBXNativeTarget "EditableWidgetExtension" */;
			buildPhases = (
				0EB0165B25E7848800C586E2 /* Sources */,
				0EB0165C25E7848800C586E2 /* Frameworks */,
				0EB0165D25E7848800C586E2 /* Resources */,
			);
			buildRules = (
			);
			dependencies = (
			);
			name = EditableWidgetExtension;
			productName = EditableWidgetExtension;
			productReference = 0EB0165F25E7848800C586E2 /* EditableWidgetExtension.appex */;
			productType = "com.apple.product-type.app-extension";
		};
/* End PBXNativeTarget section */

/* Begin PBXProject section */
		0E395E3725DCE52900019BAC /* Project object */ = {
			isa = PBXProject;
			attributes = {
				LastSwiftUpdateCheck = 1240;
				LastUpgradeCheck = 1240;
				TargetAttributes = {
					0E395E3E25DCE52900019BAC = {
						CreatedOnToolsVersion = 12.4;
					};
					0E395E4F25DCE52B00019BAC = {
						CreatedOnToolsVersion = 12.4;
						TestTargetID = 0E395E3E25DCE52900019BAC;
					};
					0E395E5A25DCE52B00019BAC = {
						CreatedOnToolsVersion = 12.4;
						TestTargetID = 0E395E3E25DCE52900019BAC;
					};
					0EB0164325E7847900C586E2 = {
						CreatedOnToolsVersion = 12.4;
					};
					0EB0165E25E7848800C586E2 = {
						CreatedOnToolsVersion = 12.4;
					};
				};
			};
			buildConfigurationList = 0E395E3A25DCE52900019BAC /* Build configuration list for PBXProject "WidgetKitExample" */;
			compatibilityVersion = "Xcode 9.3";
			developmentRegion = en;
			hasScannedForEncodings = 0;
			knownRegions = (
				en,
				Base,
			);
			mainGroup = 0E395E3625DCE52900019BAC;
			productRefGroup = 0E395E4025DCE52900019BAC /* Products */;
			projectDirPath = "";
			projectRoot = "";
			targets = (
				0E395E3E25DCE52900019BAC /* WidgetKitExample */,
				0E395E4F25DCE52B00019BAC /* WidgetKitExampleTests */,
				0E395E5A25DCE52B00019BAC /* WidgetKitExampleUITests */,
				0EB0164325E7847900C586E2 /* WeatherWidgetExtension */,
				0EB0165E25E7848800C586E2 /* EditableWidgetExtension */,
			);
		};
/* End PBXProject section */

/* Begin PBXResourcesBuildPhase section */
		0E395E3D25DCE52900019BAC /* Resources */ = {
			isa = PBXResourcesBuildPhase;
			buildActionMask = 2147483647;
			files = (
				0E395E4A25DCE52A00019BAC /* Preview Assets.xcassets in Resources */,
				0E395E4725DCE52A00019BAC /* Assets.xcassets in Resources */,
			);
			runOnlyForDeploymentPostprocessing = 0;
		};
		0E395E4E25DCE52B00019BAC /* Resources */ = {
			isa = PBXResourcesBuildPhase;
			buildActionMask = 2147483647;
			files = (
			);
			runOnlyForDeploymentPostprocessing = 0;
		};
		0E395E5925DCE52B00019BAC /* Resources */ = {
			isa = PBXResourcesBuildPhase;
			buildActionMask = 2147483647;
			files = (
			);
			runOnlyForDeploymentPostprocessing = 0;
		};
		0EB0164225E7847900C586E2 /* Resources */ = {
			isa = PBXResourcesBuildPhase;
			buildActionMask = 2147483647;
			files = (
				0EB0164E25E7847A00C586E2 /* Assets.xcassets in Resources */,
			);
			runOnlyForDeploymentPostprocessing = 0;
		};
		0EB0165D25E7848800C586E2 /* Resources */ = {
			isa = PBXResourcesBuildPhase;
			buildActionMask = 2147483647;
			files = (
				0EB0166725E7848800C586E2 /* Assets.xcassets in Resources */,
			);
			runOnlyForDeploymentPostprocessing = 0;
		};
/* End PBXResourcesBuildPhase section */

/* Begin PBXSourcesBuildPhase section */
		0E395E3B25DCE52900019BAC /* Sources */ = {
			isa = PBXSourcesBuildPhase;
			buildActionMask = 2147483647;
			files = (
				0EB0166A25E7848800C586E2 /* EditableWidget.intentdefinition in Sources */,
				0E395E4525DCE52900019BAC /* ContentView.swift in Sources */,
				0E395E4325DCE52900019BAC /* WidgetKitExampleApp.swift in Sources */,
			);
			runOnlyForDeploymentPostprocessing = 0;
		};
		0E395E4C25DCE52B00019BAC /* Sources */ = {
			isa = PBXSourcesBuildPhase;
			buildActionMask = 2147483647;
			files = (
				0E395E5525DCE52B00019BAC /* WidgetKitExampleTests.swift in Sources */,
			);
			runOnlyForDeploymentPostprocessing = 0;
		};
		0E395E5725DCE52B00019BAC /* Sources */ = {
			isa = PBXSourcesBuildPhase;
			buildActionMask = 2147483647;
			files = (
				0E395E6025DCE52B00019BAC /* WidgetKitExampleUITests.swift in Sources */,
			);
			runOnlyForDeploymentPostprocessing = 0;
		};
		0EB0164025E7847900C586E2 /* Sources */ = {
			isa = PBXSourcesBuildPhase;
			buildActionMask = 2147483647;
			files = (
				0EB0167725E784A100C586E2 /* AirWidget.swift in Sources */,
				0EB0167F25E78A5700C586E2 /* WeatherLocalData.swift in Sources */,
				0EB0164C25E7847900C586E2 /* WeatherWidget.swift in Sources */,
			);
			runOnlyForDeploymentPostprocessing = 0;
		};
		0EB0165B25E7848800C586E2 /* Sources */ = {
			isa = PBXSourcesBuildPhase;
			buildActionMask = 2147483647;
			files = (
				0EB0166925E7848800C586E2 /* EditableWidget.intentdefinition in Sources */,
				0EB0166425E7848800C586E2 /* EditableWidget.swift in Sources */,
			);
			runOnlyForDeploymentPostprocessing = 0;
		};
/* End PBXSourcesBuildPhase section */

/* Begin PBXTargetDependency section */
		0E395E5225DCE52B00019BAC /* PBXTargetDependency */ = {
			isa = PBXTargetDependency;
			target = 0E395E3E25DCE52900019BAC /* WidgetKitExample */;
			targetProxy = 0E395E5125DCE52B00019BAC /* PBXContainerItemProxy */;
		};
		0E395E5D25DCE52B00019BAC /* PBXTargetDependency */ = {
			isa = PBXTargetDependency;
			target = 0E395E3E25DCE52900019BAC /* WidgetKitExample */;
			targetProxy = 0E395E5C25DCE52B00019BAC /* PBXContainerItemProxy */;
		};
		0EB0165125E7847A00C586E2 /* PBXTargetDependency */ = {
			isa = PBXTargetDependency;
			target = 0EB0164325E7847900C586E2 /* WeatherWidgetExtension */;
			targetProxy = 0EB0165025E7847A00C586E2 /* PBXContainerItemProxy */;
		};
		0EB0166C25E7848800C586E2 /* PBXTargetDependency */ = {
			isa = PBXTargetDependency;
			target = 0EB0165E25E7848800C586E2 /* EditableWidgetExtension */;
			targetProxy = 0EB0166B25E7848800C586E2 /* PBXContainerItemProxy */;
		};
/* End PBXTargetDependency section */

/* Begin XCBuildConfiguration section */
		0E395E6225DCE52B00019BAC /* Debug */ = {
			isa = XCBuildConfiguration;
			buildSettings = {
				ALWAYS_SEARCH_USER_PATHS = NO;
				CLANG_ANALYZER_NONNULL = YES;
				CLANG_ANALYZER_NUMBER_OBJECT_CONVERSION = YES_AGGRESSIVE;
				CLANG_CXX_LANGUAGE_STANDARD = "gnu++14";
				CLANG_CXX_LIBRARY = "libc++";
				CLANG_ENABLE_MODULES = YES;
				CLANG_ENABLE_OBJC_ARC = YES;
				CLANG_ENABLE_OBJC_WEAK = YES;
				CLANG_WARN_BLOCK_CAPTURE_AUTORELEASING = YES;
				CLANG_WARN_BOOL_CONVERSION = YES;
				CLANG_WARN_COMMA = YES;
				CLANG_WARN_CONSTANT_CONVERSION = YES;
				CLANG_WARN_DEPRECATED_OBJC_IMPLEMENTATIONS = YES;
				CLANG_WARN_DIRECT_OBJC_ISA_USAGE = YES_ERROR;
				CLANG_WARN_DOCUMENTATION_COMMENTS = YES;
				CLANG_WARN_EMPTY_BODY = YES;
				CLANG_WARN_ENUM_CONVERSION = YES;
				CLANG_WARN_INFINITE_RECURSION = YES;
				CLANG_WARN_INT_CONVERSION = YES;
				CLANG_WARN_NON_LITERAL_NULL_CONVERSION = YES;
				CLANG_WARN_OBJC_IMPLICIT_RETAIN_SELF = YES;
				CLANG_WARN_OBJC_LITERAL_CONVERSION = YES;
				CLANG_WARN_OBJC_ROOT_CLASS = YES_ERROR;
				CLANG_WARN_QUOTED_INCLUDE_IN_FRAMEWORK_HEADER = YES;
				CLANG_WARN_RANGE_LOOP_ANALYSIS = YES;
				CLANG_WARN_STRICT_PROTOTYPES = YES;
				CLANG_WARN_SUSPICIOUS_MOVE = YES;
				CLANG_WARN_UNGUARDED_AVAILABILITY = YES_AGGRESSIVE;
				CLANG_WARN_UNREACHABLE_CODE = YES;
				CLANG_WARN__DUPLICATE_METHOD_MATCH = YES;
				COPY_PHASE_STRIP = NO;
				DEBUG_INFORMATION_FORMAT = dwarf;
				ENABLE_STRICT_OBJC_MSGSEND = YES;
				ENABLE_TESTABILITY = YES;
				GCC_C_LANGUAGE_STANDARD = gnu11;
				GCC_DYNAMIC_NO_PIC = NO;
				GCC_NO_COMMON_BLOCKS = YES;
				GCC_OPTIMIZATION_LEVEL = 0;
				GCC_PREPROCESSOR_DEFINITIONS = (
					"DEBUG=1",
					"$(inherited)",
				);
				GCC_WARN_64_TO_32_BIT_CONVERSION = YES;
				GCC_WARN_ABOUT_RETURN_TYPE = YES_ERROR;
				GCC_WARN_UNDECLARED_SELECTOR = YES;
				GCC_WARN_UNINITIALIZED_AUTOS = YES_AGGRESSIVE;
				GCC_WARN_UNUSED_FUNCTION = YES;
				GCC_WARN_UNUSED_VARIABLE = YES;
				IPHONEOS_DEPLOYMENT_TARGET = 14.4;
				MTL_ENABLE_DEBUG_INFO = INCLUDE_SOURCE;
				MTL_FAST_MATH = YES;
				ONLY_ACTIVE_ARCH = YES;
				SDKROOT = iphoneos;
				SWIFT_ACTIVE_COMPILATION_CONDITIONS = DEBUG;
				SWIFT_OPTIMIZATION_LEVEL = "-Onone";
			};
			name = Debug;
		};
		0E395E6325DCE52B00019BAC /* Release */ = {
			isa = XCBuildConfiguration;
			buildSettings = {
				ALWAYS_SEARCH_USER_PATHS = NO;
				CLANG_ANALYZER_NONNULL = YES;
				CLANG_ANALYZER_NUMBER_OBJECT_CONVERSION = YES_AGGRESSIVE;
				CLANG_CXX_LANGUAGE_STANDARD = "gnu++14";
				CLANG_CXX_LIBRARY = "libc++";
				CLANG_ENABLE_MODULES = YES;
				CLANG_ENABLE_OBJC_ARC = YES;
				CLANG_ENABLE_OBJC_WEAK = YES;
				CLANG_WARN_BLOCK_CAPTURE_AUTORELEASING = YES;
				CLANG_WARN_BOOL_CONVERSION = YES;
				CLANG_WARN_COMMA = YES;
				CLANG_WARN_CONSTANT_CONVERSION = YES;
				CLANG_WARN_DEPRECATED_OBJC_IMPLEMENTATIONS = YES;
				CLANG_WARN_DIRECT_OBJC_ISA_USAGE = YES_ERROR;
				CLANG_WARN_DOCUMENTATION_COMMENTS = YES;
				CLANG_WARN_EMPTY_BODY = YES;
				CLANG_WARN_ENUM_CONVERSION = YES;
				CLANG_WARN_INFINITE_RECURSION = YES;
				CLANG_WARN_INT_CONVERSION = YES;
				CLANG_WARN_NON_LITERAL_NULL_CONVERSION = YES;
				CLANG_WARN_OBJC_IMPLICIT_RETAIN_SELF = YES;
				CLANG_WARN_OBJC_LITERAL_CONVERSION = YES;
				CLANG_WARN_OBJC_ROOT_CLASS = YES_ERROR;
				CLANG_WARN_QUOTED_INCLUDE_IN_FRAMEWORK_HEADER = YES;
				CLANG_WARN_RANGE_LOOP_ANALYSIS = YES;
				CLANG_WARN_STRICT_PROTOTYPES = YES;
				CLANG_WARN_SUSPICIOUS_MOVE = YES;
				CLANG_WARN_UNGUARDED_AVAILABILITY = YES_AGGRESSIVE;
				CLANG_WARN_UNREACHABLE_CODE = YES;
				CLANG_WARN__DUPLICATE_METHOD_MATCH = YES;
				COPY_PHASE_STRIP = NO;
				DEBUG_INFORMATION_FORMAT = "dwarf-with-dsym";
				ENABLE_NS_ASSERTIONS = NO;
				ENABLE_STRICT_OBJC_MSGSEND = YES;
				GCC_C_LANGUAGE_STANDARD = gnu11;
				GCC_NO_COMMON_BLOCKS = YES;
				GCC_WARN_64_TO_32_BIT_CONVERSION = YES;
				GCC_WARN_ABOUT_RETURN_TYPE = YES_ERROR;
				GCC_WARN_UNDECLARED_SELECTOR = YES;
				GCC_WARN_UNINITIALIZED_AUTOS = YES_AGGRESSIVE;
				GCC_WARN_UNUSED_FUNCTION = YES;
				GCC_WARN_UNUSED_VARIABLE = YES;
				IPHONEOS_DEPLOYMENT_TARGET = 14.4;
				MTL_ENABLE_DEBUG_INFO = NO;
				MTL_FAST_MATH = YES;
				SDKROOT = iphoneos;
				SWIFT_COMPILATION_MODE = wholemodule;
				SWIFT_OPTIMIZATION_LEVEL = "-O";
				VALIDATE_PRODUCT = YES;
			};
			name = Release;
		};
		0E395E6525DCE52B00019BAC /* Debug */ = {
			isa = XCBuildConfiguration;
			buildSettings = {
				ALWAYS_EMBED_SWIFT_STANDARD_LIBRARIES = YES;
				ASSETCATALOG_COMPILER_APPICON_NAME = AppIcon;
				ASSETCATALOG_COMPILER_GLOBAL_ACCENT_COLOR_NAME = AccentColor;
				CODE_SIGN_STYLE = Automatic;
				DEVELOPMENT_ASSET_PATHS = "\"WidgetKitExample/Preview Content\"";
				ENABLE_PREVIEWS = YES;
				INFOPLIST_FILE = WidgetKitExample/Info.plist;
				IPHONEOS_DEPLOYMENT_TARGET = 14.0;
				LD_RUNPATH_SEARCH_PATHS = (
					"$(inherited)",
					"@executable_path/Frameworks",
				);
				PRODUCT_BUNDLE_IDENTIFIER = com.tigi44.WidgetKitExample;
				PRODUCT_NAME = "$(TARGET_NAME)";
				SWIFT_VERSION = 5.0;
				TARGETED_DEVICE_FAMILY = "1,2";
			};
			name = Debug;
		};
		0E395E6625DCE52B00019BAC /* Release */ = {
			isa = XCBuildConfiguration;
			buildSettings = {
				ALWAYS_EMBED_SWIFT_STANDARD_LIBRARIES = YES;
				ASSETCATALOG_COMPILER_APPICON_NAME = AppIcon;
				ASSETCATALOG_COMPILER_GLOBAL_ACCENT_COLOR_NAME = AccentColor;
				CODE_SIGN_STYLE = Automatic;
				DEVELOPMENT_ASSET_PATHS = "\"WidgetKitExample/Preview Content\"";
				ENABLE_PREVIEWS = YES;
				INFOPLIST_FILE = WidgetKitExample/Info.plist;
				IPHONEOS_DEPLOYMENT_TARGET = 14.0;
				LD_RUNPATH_SEARCH_PATHS = (
					"$(inherited)",
					"@executable_path/Frameworks",
				);
				PRODUCT_BUNDLE_IDENTIFIER = com.tigi44.WidgetKitExample;
				PRODUCT_NAME = "$(TARGET_NAME)";
				SWIFT_VERSION = 5.0;
				TARGETED_DEVICE_FAMILY = "1,2";
			};
			name = Release;
		};
		0E395E6825DCE52B00019BAC /* Debug */ = {
			isa = XCBuildConfiguration;
			buildSettings = {
				ALWAYS_EMBED_SWIFT_STANDARD_LIBRARIES = YES;
				BUNDLE_LOADER = "$(TEST_HOST)";
				CODE_SIGN_STYLE = Automatic;
				INFOPLIST_FILE = WidgetKitExampleTests/Info.plist;
				IPHONEOS_DEPLOYMENT_TARGET = 14.0;
				LD_RUNPATH_SEARCH_PATHS = (
					"$(inherited)",
					"@executable_path/Frameworks",
					"@loader_path/Frameworks",
				);
				PRODUCT_BUNDLE_IDENTIFIER = com.tigi44.WidgetKitExampleTests;
				PRODUCT_NAME = "$(TARGET_NAME)";
				SWIFT_VERSION = 5.0;
				TARGETED_DEVICE_FAMILY = "1,2";
				TEST_HOST = "$(BUILT_PRODUCTS_DIR)/WidgetKitExample.app/WidgetKitExample";
			};
			name = Debug;
		};
		0E395E6925DCE52B00019BAC /* Release */ = {
			isa = XCBuildConfiguration;
			buildSettings = {
				ALWAYS_EMBED_SWIFT_STANDARD_LIBRARIES = YES;
				BUNDLE_LOADER = "$(TEST_HOST)";
				CODE_SIGN_STYLE = Automatic;
				INFOPLIST_FILE = WidgetKitExampleTests/Info.plist;
				IPHONEOS_DEPLOYMENT_TARGET = 14.0;
				LD_RUNPATH_SEARCH_PATHS = (
					"$(inherited)",
					"@executable_path/Frameworks",
					"@loader_path/Frameworks",
				);
				PRODUCT_BUNDLE_IDENTIFIER = com.tigi44.WidgetKitExampleTests;
				PRODUCT_NAME = "$(TARGET_NAME)";
				SWIFT_VERSION = 5.0;
				TARGETED_DEVICE_FAMILY = "1,2";
				TEST_HOST = "$(BUILT_PRODUCTS_DIR)/WidgetKitExample.app/WidgetKitExample";
			};
			name = Release;
		};
		0E395E6B25DCE52B00019BAC /* Debug */ = {
			isa = XCBuildConfiguration;
			buildSettings = {
				ALWAYS_EMBED_SWIFT_STANDARD_LIBRARIES = YES;
				CODE_SIGN_STYLE = Automatic;
				INFOPLIST_FILE = WidgetKitExampleUITests/Info.plist;
				LD_RUNPATH_SEARCH_PATHS = (
					"$(inherited)",
					"@executable_path/Frameworks",
					"@loader_path/Frameworks",
				);
				PRODUCT_BUNDLE_IDENTIFIER = com.tigi44.WidgetKitExampleUITests;
				PRODUCT_NAME = "$(TARGET_NAME)";
				SWIFT_VERSION = 5.0;
				TARGETED_DEVICE_FAMILY = "1,2";
				TEST_TARGET_NAME = WidgetKitExample;
			};
			name = Debug;
		};
		0E395E6C25DCE52B00019BAC /* Release */ = {
			isa = XCBuildConfiguration;
			buildSettings = {
				ALWAYS_EMBED_SWIFT_STANDARD_LIBRARIES = YES;
				CODE_SIGN_STYLE = Automatic;
				INFOPLIST_FILE = WidgetKitExampleUITests/Info.plist;
				LD_RUNPATH_SEARCH_PATHS = (
					"$(inherited)",
					"@executable_path/Frameworks",
					"@loader_path/Frameworks",
				);
				PRODUCT_BUNDLE_IDENTIFIER = com.tigi44.WidgetKitExampleUITests;
				PRODUCT_NAME = "$(TARGET_NAME)";
				SWIFT_VERSION = 5.0;
				TARGETED_DEVICE_FAMILY = "1,2";
				TEST_TARGET_NAME = WidgetKitExample;
			};
			name = Release;
		};
		0EB0165425E7847A00C586E2 /* Debug */ = {
			isa = XCBuildConfiguration;
			buildSettings = {
				ASSETCATALOG_COMPILER_GLOBAL_ACCENT_COLOR_NAME = AccentColor;
				ASSETCATALOG_COMPILER_WIDGET_BACKGROUND_COLOR_NAME = WidgetBackground;
				CODE_SIGN_STYLE = Automatic;
				INFOPLIST_FILE = WeatherWidget/Info.plist;
				LD_RUNPATH_SEARCH_PATHS = (
					"$(inherited)",
					"@executable_path/Frameworks",
					"@executable_path/../../Frameworks",
				);
				PRODUCT_BUNDLE_IDENTIFIER = com.tigi44.WidgetKitExample.WeatherWidget;
				PRODUCT_NAME = "$(TARGET_NAME)";
				SKIP_INSTALL = YES;
				SWIFT_VERSION = 5.0;
				TARGETED_DEVICE_FAMILY = "1,2";
			};
			name = Debug;
		};
		0EB0165525E7847A00C586E2 /* Release */ = {
			isa = XCBuildConfiguration;
			buildSettings = {
				ASSETCATALOG_COMPILER_GLOBAL_ACCENT_COLOR_NAME = AccentColor;
				ASSETCATALOG_COMPILER_WIDGET_BACKGROUND_COLOR_NAME = WidgetBackground;
				CODE_SIGN_STYLE = Automatic;
				INFOPLIST_FILE = WeatherWidget/Info.plist;
				LD_RUNPATH_SEARCH_PATHS = (
					"$(inherited)",
					"@executable_path/Frameworks",
					"@executable_path/../../Frameworks",
				);
				PRODUCT_BUNDLE_IDENTIFIER = com.tigi44.WidgetKitExample.WeatherWidget;
				PRODUCT_NAME = "$(TARGET_NAME)";
				SKIP_INSTALL = YES;
				SWIFT_VERSION = 5.0;
				TARGETED_DEVICE_FAMILY = "1,2";
			};
			name = Release;
		};
		0EB0166F25E7848800C586E2 /* Debug */ = {
			isa = XCBuildConfiguration;
			buildSettings = {
				ASSETCATALOG_COMPILER_GLOBAL_ACCENT_COLOR_NAME = AccentColor;
				ASSETCATALOG_COMPILER_WIDGET_BACKGROUND_COLOR_NAME = WidgetBackground;
				CODE_SIGN_STYLE = Automatic;
				INFOPLIST_FILE = EditableWidget/Info.plist;
				LD_RUNPATH_SEARCH_PATHS = (
					"$(inherited)",
					"@executable_path/Frameworks",
					"@executable_path/../../Frameworks",
				);
				PRODUCT_BUNDLE_IDENTIFIER = com.tigi44.WidgetKitExample.EditableWidget;
				PRODUCT_NAME = "$(TARGET_NAME)";
				SKIP_INSTALL = YES;
				SWIFT_VERSION = 5.0;
				TARGETED_DEVICE_FAMILY = "1,2";
			};
			name = Debug;
		};
		0EB0167025E7848800C586E2 /* Release */ = {
			isa = XCBuildConfiguration;
			buildSettings = {
				ASSETCATALOG_COMPILER_GLOBAL_ACCENT_COLOR_NAME = AccentColor;
				ASSETCATALOG_COMPILER_WIDGET_BACKGROUND_COLOR_NAME = WidgetBackground;
				CODE_SIGN_STYLE = Automatic;
				INFOPLIST_FILE = EditableWidget/Info.plist;
				LD_RUNPATH_SEARCH_PATHS = (
					"$(inherited)",
					"@executable_path/Frameworks",
					"@executable_path/../../Frameworks",
				);
				PRODUCT_BUNDLE_IDENTIFIER = com.tigi44.WidgetKitExample.EditableWidget;
				PRODUCT_NAME = "$(TARGET_NAME)";
				SKIP_INSTALL = YES;
				SWIFT_VERSION = 5.0;
				TARGETED_DEVICE_FAMILY = "1,2";
			};
			name = Release;
		};
/* End XCBuildConfiguration section */

/* Begin XCConfigurationList section */
		0E395E3A25DCE52900019BAC /* Build configuration list for PBXProject "WidgetKitExample" */ = {
			isa = XCConfigurationList;
			buildConfigurations = (
				0E395E6225DCE52B00019BAC /* Debug */,
				0E395E6325DCE52B00019BAC /* Release */,
			);
			defaultConfigurationIsVisible = 0;
			defaultConfigurationName = Release;
		};
		0E395E6425DCE52B00019BAC /* Build configuration list for PBXNativeTarget "WidgetKitExample" */ = {
			isa = XCConfigurationList;
			buildConfigurations = (
				0E395E6525DCE52B00019BAC /* Debug */,
				0E395E6625DCE52B00019BAC /* Release */,
			);
			defaultConfigurationIsVisible = 0;
			defaultConfigurationName = Release;
		};
		0E395E6725DCE52B00019BAC /* Build configuration list for PBXNativeTarget "WidgetKitExampleTests" */ = {
			isa = XCConfigurationList;
			buildConfigurations = (
				0E395E6825DCE52B00019BAC /* Debug */,
				0E395E6925DCE52B00019BAC /* Release */,
			);
			defaultConfigurationIsVisible = 0;
			defaultConfigurationName = Release;
		};
		0E395E6A25DCE52B00019BAC /* Build configuration list for PBXNativeTarget "WidgetKitExampleUITests" */ = {
			isa = XCConfigurationList;
			buildConfigurations = (
				0E395E6B25DCE52B00019BAC /* Debug */,
				0E395E6C25DCE52B00019BAC /* Release */,
			);
			defaultConfigurationIsVisible = 0;
			defaultConfigurationName = Release;
		};
		0EB0165625E7847A00C586E2 /* Build configuration list for PBXNativeTarget "WeatherWidgetExtension" */ = {
			isa = XCConfigurationList;
			buildConfigurations = (
				0EB0165425E7847A00C586E2 /* Debug */,
				0EB0165525E7847A00C586E2 /* Release */,
			);
			defaultConfigurationIsVisible = 0;
			defaultConfigurationName = Release;
		};
		0EB0166E25E7848800C586E2 /* Build configuration list for PBXNativeTarget "EditableWidgetExtension" */ = {
			isa = XCConfigurationList;
			buildConfigurations = (
				0EB0166F25E7848800C586E2 /* Debug */,
				0EB0167025E7848800C586E2 /* Release */,
			);
			defaultConfigurationIsVisible = 0;
			defaultConfigurationName = Release;
		};
/* End XCConfigurationList section */
	};
	rootObject = 0E395E3725DCE52900019BAC /* Project object */;
}
